
Microsoft Visual Studio Solution File, Format Version 12.00
# Visual Studio Version 17
VisualStudioVersion = 17.5.002.0
MinimumVisualStudioVersion = 10.0.40219.1
Project("{9A19103F-16F7-4668-BE54-9A1E7A4F7556}") = "backend", "backend\backend.csproj", "{FF221D4A-8E48-4736-9CFB-79B5DCAB4073}"
EndProject
Global
	GlobalSection(SolutionConfigurationPlatforms) = preSolution
		Debug|Any CPU = Debug|Any CPU
		Release|Any CPU = Release|Any CPU
	EndGlobalSection
	GlobalSection(ProjectConfigurationPlatforms) = postSolution
		{FF221D4A-8E48-4736-9CFB-79B5DCAB4073}.Debug|Any CPU.ActiveCfg = Debug|Any CPU
		{FF221D4A-8E48-4736-9CFB-79B5DCAB4073}.Debug|Any CPU.Build.0 = Debug|Any CPU
		{FF221D4A-8E48-4736-9CFB-79B5DCAB4073}.Release|Any CPU.ActiveCfg = Release|Any CPU
		{FF221D4A-8E48-4736-9CFB-79B5DCAB4073}.Release|Any CPU.Build.0 = Release|Any CPU
	EndGlobalSection
	GlobalSection(SolutionProperties) = preSolution
		HideSolutionNode = FALSE
	EndGlobalSection
	GlobalSection(ExtensibilityGlobals) = postSolution
		SolutionGuid = {C46EA906-3702-42D2-9887-5BE911AEC2A9}
	EndGlobalSection
EndGlobal
